
Microsoft Visual Studio Solution File, Format Version 12.00
# Visual Studio Version 17
VisualStudioVersion = 17.5.002.0
MinimumVisualStudioVersion = 10.0.40219.1
Project("{9A19103F-16F7-4668-BE54-9A1E7A4F7556}") = "XK-Sample-App", "app\XK-Sample-App.csproj", "{7F23C9A4-535E-4F6B-A8BC-884319453E9E}"
EndProject
Project("{9A19103F-16F7-4668-BE54-9A1E7A4F7556}") = "AdminCustomization", "admin\AdminCustomization.csproj", "{DA0541F6-C015-46BB-923D-FE3C98016979}"
EndProject
Global
	GlobalSection(SolutionConfigurationPlatforms) = preSolution
		Debug|Any CPU = Debug|Any CPU
		Release|Any CPU = Release|Any CPU
	EndGlobalSection
	GlobalSection(ProjectConfigurationPlatforms) = postSolution
		{7F23C9A4-535E-4F6B-A8BC-884319453E9E}.Debug|Any CPU.ActiveCfg = Debug|Any CPU
		{7F23C9A4-535E-4F6B-A8BC-884319453E9E}.Debug|Any CPU.Build.0 = Debug|Any CPU
		{7F23C9A4-535E-4F6B-A8BC-884319453E9E}.Release|Any CPU.ActiveCfg = Release|Any CPU
		{7F23C9A4-535E-4F6B-A8BC-884319453E9E}.Release|Any CPU.Build.0 = Release|Any CPU
		{DA0541F6-C015-46BB-923D-FE3C98016979}.Debug|Any CPU.ActiveCfg = Debug|Any CPU
		{DA0541F6-C015-46BB-923D-FE3C98016979}.Debug|Any CPU.Build.0 = Debug|Any CPU
		{DA0541F6-C015-46BB-923D-FE3C98016979}.Release|Any CPU.ActiveCfg = Release|Any CPU
		{DA0541F6-C015-46BB-923D-FE3C98016979}.Release|Any CPU.Build.0 = Release|Any CPU
	EndGlobalSection
	GlobalSection(SolutionProperties) = preSolution
		HideSolutionNode = FALSE
	EndGlobalSection
	GlobalSection(ExtensibilityGlobals) = postSolution
		SolutionGuid = {400F0E03-B9E5-48E8-BA76-D0164FAC20A8}
	EndGlobalSection
EndGlobal
